
Microsoft Visual Studio Solution File, Format Version 12.00
# Visual Studio 15
VisualStudioVersion = 15.0.26730.15
MinimumVisualStudioVersion = 10.0.40219.1
Project("{FAE04EC0-301F-11D3-BF4B-00C04F79EFBC}") = "Solution", "Solution\Solution.csproj", "{FE926EE1-7CEB-412E-92FF-EA4CA6BA1109}"
EndProject
Global
	GlobalSection(SolutionConfigurationPlatforms) = preSolution
		Debug|Any CPU = Debug|Any CPU
		Release|Any CPU = Release|Any CPU
	EndGlobalSection
	GlobalSection(ProjectConfigurationPlatforms) = postSolution
		{FE926EE1-7CEB-412E-92FF-EA4CA6BA1109}.Debug|Any CPU.ActiveCfg = Debug|Any CPU
		{FE926EE1-7CEB-412E-92FF-EA4CA6BA1109}.Debug|Any CPU.Build.0 = Debug|Any CPU
		{FE926EE1-7CEB-412E-92FF-EA4CA6BA1109}.Release|Any CPU.ActiveCfg = Release|Any CPU
		{FE926EE1-7CEB-412E-92FF-EA4CA6BA1109}.Release|Any CPU.Build.0 = Release|Any CPU
	EndGlobalSection
	GlobalSection(SolutionProperties) = preSolution
		HideSolutionNode = FALSE
	EndGlobalSection
	GlobalSection(ExtensibilityGlobals) = postSolution
		SolutionGuid = {4540B3F9-A480-44F2-836B-5BAA682C3A59}
	EndGlobalSection
EndGlobal
